{
  "version": 4,
  "terraform_version": "1.7.3",
  "serial": 12,
  "lineage": "0463351a-bebb-2a6f-5171-528612804eaa",
  "outputs": {
    "admin_password": {
      "value": "HWm2FU!{%NSlbhBD*e)Z",
      "type": "string",
      "sensitive": true
    },
    "id": {
      "value": "/subscriptions/78506f2d-32b3-4404-909a-02d41d22092b/resourceGroups/acs-tf-demo",
      "type": "string"
    },
    "public_ip_address": {
      "value": "52.187.59.182",
      "type": "string"
    },
    "resource_group_name": {
      "value": "acs-tf-demo",
      "type": "string"
    }
  },
  "resources": [
    {
      "mode": "data",
      "type": "azurerm_network_security_group",
      "name": "acs_demo_nsg",
      "provider": "provider[\"registry.terraform.io/hashicorp/azurerm\"]",
      "instances": [
        {
          "schema_version": 0,
          "attributes": {
            "id": "/subscriptions/78506f2d-32b3-4404-909a-02d41d22092b/resourceGroups/acs-tf-demo/providers/Microsoft.Network/networkSecurityGroups/acs-tf-demo-nsg",
            "location": "southeastasia",
            "name": "acs-tf-demo-nsg",
            "resource_group_name": "acs-tf-demo",
            "security_rule": [],
            "tags": {
              "env": "demo",
              "owner": "Ritesh"
            },
            "timeouts": null
          },
          "sensitive_attributes": []
        }
      ]
    },
    {
      "mode": "data",
      "type": "azurerm_resource_group",
      "name": "acs_demo_rg",
      "provider": "provider[\"registry.terraform.io/hashicorp/azurerm\"]",
      "instances": [
        {
          "schema_version": 0,
          "attributes": {
            "id": "/subscriptions/78506f2d-32b3-4404-909a-02d41d22092b/resourceGroups/acs-tf-demo",
            "location": "southeastasia",
            "managed_by": "",
            "name": "acs-tf-demo",
            "tags": {
              "env": "test",
              "owner": "Ritesh"
            },
            "timeouts": null
          },
          "sensitive_attributes": []
        }
      ]
    },
    {
      "mode": "data",
      "type": "azurerm_subnet",
      "name": "acs_demo_subnet",
      "provider": "provider[\"registry.terraform.io/hashicorp/azurerm\"]",
      "instances": [
        {
          "schema_version": 0,
          "attributes": {
            "address_prefix": "",
            "address_prefixes": [
              "10.10.1.0/24"
            ],
            "enforce_private_link_endpoint_network_policies": true,
            "enforce_private_link_service_network_policies": false,
            "id": "/subscriptions/78506f2d-32b3-4404-909a-02d41d22092b/resourceGroups/acs-tf-demo/providers/Microsoft.Network/virtualNetworks/acs-tf-demo-vnet/subnets/acs-tf-demo-subnet1",
            "name": "acs-tf-demo-subnet1",
            "network_security_group_id": "/subscriptions/78506f2d-32b3-4404-909a-02d41d22092b/resourceGroups/acs-tf-demo/providers/Microsoft.Network/networkSecurityGroups/acs-tf-demo-nsg",
            "private_endpoint_network_policies_enabled": false,
            "private_link_service_network_policies_enabled": true,
            "resource_group_name": "acs-tf-demo",
            "route_table_id": "",
            "service_endpoints": [],
            "timeouts": null,
            "virtual_network_name": "acs-tf-demo-vnet"
          },
          "sensitive_attributes": []
        }
      ]
    },
    {
      "mode": "data",
      "type": "azurerm_virtual_network",
      "name": "acs_demo_vnet",
      "provider": "provider[\"registry.terraform.io/hashicorp/azurerm\"]",
      "instances": [
        {
          "schema_version": 0,
          "attributes": {
            "address_space": [
              "10.10.0.0/20"
            ],
            "dns_servers": null,
            "guid": "544243ac-e44f-47c5-90ac-d7c69bd46e2f",
            "id": "/subscriptions/78506f2d-32b3-4404-909a-02d41d22092b/resourceGroups/acs-tf-demo/providers/Microsoft.Network/virtualNetworks/acs-tf-demo-vnet",
            "location": "southeastasia",
            "name": "acs-tf-demo-vnet",
            "resource_group_name": "acs-tf-demo",
            "subnets": [
              "acs-tf-demo-subnet1",
              "acs-tf-demo-subnet2"
            ],
            "tags": {
              "env": "demo",
              "owner": "Ritesh"
            },
            "timeouts": null,
            "vnet_peerings": {},
            "vnet_peerings_addresses": []
          },
          "sensitive_attributes": []
        }
      ]
    },
    {
      "mode": "managed",
      "type": "azurerm_network_interface",
      "name": "acs_tf_demo_nic",
      "provider": "provider[\"registry.terraform.io/hashicorp/azurerm\"]",
      "instances": [
        {
          "schema_version": 0,
          "attributes": {
            "applied_dns_servers": [],
            "auxiliary_mode": "",
            "auxiliary_sku": "",
            "dns_servers": [],
            "edge_zone": "",
            "enable_accelerated_networking": false,
            "enable_ip_forwarding": false,
            "id": "/subscriptions/78506f2d-32b3-4404-909a-02d41d22092b/resourceGroups/acs-tf-demo/providers/Microsoft.Network/networkInterfaces/win-vm-iis-ferret-nic",
            "internal_dns_name_label": "",
            "internal_domain_name_suffix": "vrbuevcp2tcupefm05djxvdofh.ix.internal.cloudapp.net",
            "ip_configuration": [
              {
                "gateway_load_balancer_frontend_ip_configuration_id": "",
                "name": "my_nic_configuration",
                "primary": true,
                "private_ip_address": "10.10.1.4",
                "private_ip_address_allocation": "Dynamic",
                "private_ip_address_version": "IPv4",
                "public_ip_address_id": "/subscriptions/78506f2d-32b3-4404-909a-02d41d22092b/resourceGroups/acs-tf-demo/providers/Microsoft.Network/publicIPAddresses/win-vm-iis-ferret-public-ip",
                "subnet_id": "/subscriptions/78506f2d-32b3-4404-909a-02d41d22092b/resourceGroups/acs-tf-demo/providers/Microsoft.Network/virtualNetworks/acs-tf-demo-vnet/subnets/acs-tf-demo-subnet1"
              }
            ],
            "location": "southeastasia",
            "mac_address": "",
            "name": "win-vm-iis-ferret-nic",
            "private_ip_address": "10.10.1.4",
            "private_ip_addresses": [
              "10.10.1.4"
            ],
            "resource_group_name": "acs-tf-demo",
            "tags": null,
            "timeouts": null,
            "virtual_machine_id": ""
          },
          "sensitive_attributes": [],
          "private": "eyJlMmJmYjczMC1lY2FhLTExZTYtOGY4OC0zNDM2M2JjN2M0YzAiOnsiY3JlYXRlIjoxODAwMDAwMDAwMDAwLCJkZWxldGUiOjE4MDAwMDAwMDAwMDAsInJlYWQiOjMwMDAwMDAwMDAwMCwidXBkYXRlIjoxODAwMDAwMDAwMDAwfX0=",
          "dependencies": [
            "azurerm_public_ip.acs_tf_demo_public_ip",
            "data.azurerm_resource_group.acs_demo_rg",
            "data.azurerm_subnet.acs_demo_subnet",
            "data.azurerm_virtual_network.acs_demo_vnet",
            "random_pet.prefix"
          ]
        }
      ]
    },
    {
      "mode": "managed",
      "type": "azurerm_network_interface_security_group_association",
      "name": "acs_tf_demo_nic_association",
      "provider": "provider[\"registry.terraform.io/hashicorp/azurerm\"]",
      "instances": [
        {
          "schema_version": 0,
          "attributes": {
            "id": "/subscriptions/78506f2d-32b3-4404-909a-02d41d22092b/resourceGroups/acs-tf-demo/providers/Microsoft.Network/networkInterfaces/win-vm-iis-ferret-nic|/subscriptions/78506f2d-32b3-4404-909a-02d41d22092b/resourceGroups/acs-tf-demo/providers/Microsoft.Network/networkSecurityGroups/acs-tf-demo-nsg",
            "network_interface_id": "/subscriptions/78506f2d-32b3-4404-909a-02d41d22092b/resourceGroups/acs-tf-demo/providers/Microsoft.Network/networkInterfaces/win-vm-iis-ferret-nic",
            "network_security_group_id": "/subscriptions/78506f2d-32b3-4404-909a-02d41d22092b/resourceGroups/acs-tf-demo/providers/Microsoft.Network/networkSecurityGroups/acs-tf-demo-nsg",
            "timeouts": null
          },
          "sensitive_attributes": [],
          "private": "eyJlMmJmYjczMC1lY2FhLTExZTYtOGY4OC0zNDM2M2JjN2M0YzAiOnsiY3JlYXRlIjoxODAwMDAwMDAwMDAwLCJkZWxldGUiOjE4MDAwMDAwMDAwMDAsInJlYWQiOjMwMDAwMDAwMDAwMH19",
          "dependencies": [
            "azurerm_network_interface.acs_tf_demo_nic",
            "azurerm_public_ip.acs_tf_demo_public_ip",
            "data.azurerm_network_security_group.acs_demo_nsg",
            "data.azurerm_resource_group.acs_demo_rg",
            "data.azurerm_subnet.acs_demo_subnet",
            "data.azurerm_virtual_network.acs_demo_vnet",
            "random_pet.prefix"
          ]
        }
      ]
    },
    {
      "mode": "managed",
      "type": "azurerm_network_security_rule",
      "name": "acs_demo_rdp_rule",
      "provider": "provider[\"registry.terraform.io/hashicorp/azurerm\"]",
      "instances": [
        {
          "schema_version": 0,
          "attributes": {
            "access": "Allow",
            "description": "",
            "destination_address_prefix": "*",
            "destination_address_prefixes": null,
            "destination_application_security_group_ids": null,
            "destination_port_range": "3389",
            "destination_port_ranges": null,
            "direction": "Inbound",
            "id": "/subscriptions/78506f2d-32b3-4404-909a-02d41d22092b/resourceGroups/acs-tf-demo/providers/Microsoft.Network/networkSecurityGroups/acs-tf-demo-nsg/securityRules/RDP",
            "name": "RDP",
            "network_security_group_name": "acs-tf-demo-nsg",
            "priority": 1000,
            "protocol": "*",
            "resource_group_name": "acs-tf-demo",
            "source_address_prefix": "*",
            "source_address_prefixes": null,
            "source_application_security_group_ids": null,
            "source_port_range": "*",
            "source_port_ranges": null,
            "timeouts": null
          },
          "sensitive_attributes": [],
          "private": "eyJlMmJmYjczMC1lY2FhLTExZTYtOGY4OC0zNDM2M2JjN2M0YzAiOnsiY3JlYXRlIjoxODAwMDAwMDAwMDAwLCJkZWxldGUiOjE4MDAwMDAwMDAwMDAsInJlYWQiOjMwMDAwMDAwMDAwMCwidXBkYXRlIjoxODAwMDAwMDAwMDAwfX0=",
          "dependencies": [
            "data.azurerm_network_security_group.acs_demo_nsg",
            "data.azurerm_resource_group.acs_demo_rg"
          ]
        }
      ]
    },
    {
      "mode": "managed",
      "type": "azurerm_network_security_rule",
      "name": "acs_demo_web_rule",
      "provider": "provider[\"registry.terraform.io/hashicorp/azurerm\"]",
      "instances": [
        {
          "schema_version": 0,
          "attributes": {
            "access": "Allow",
            "description": "",
            "destination_address_prefix": "*",
            "destination_address_prefixes": null,
            "destination_application_security_group_ids": null,
            "destination_port_range": "80",
            "destination_port_ranges": null,
            "direction": "Inbound",
            "id": "/subscriptions/78506f2d-32b3-4404-909a-02d41d22092b/resourceGroups/acs-tf-demo/providers/Microsoft.Network/networkSecurityGroups/acs-tf-demo-nsg/securityRules/web",
            "name": "web",
            "network_security_group_name": "acs-tf-demo-nsg",
            "priority": 1001,
            "protocol": "Tcp",
            "resource_group_name": "acs-tf-demo",
            "source_address_prefix": "*",
            "source_address_prefixes": null,
            "source_application_security_group_ids": null,
            "source_port_range": "*",
            "source_port_ranges": null,
            "timeouts": null
          },
          "sensitive_attributes": [],
          "private": "eyJlMmJmYjczMC1lY2FhLTExZTYtOGY4OC0zNDM2M2JjN2M0YzAiOnsiY3JlYXRlIjoxODAwMDAwMDAwMDAwLCJkZWxldGUiOjE4MDAwMDAwMDAwMDAsInJlYWQiOjMwMDAwMDAwMDAwMCwidXBkYXRlIjoxODAwMDAwMDAwMDAwfX0=",
          "dependencies": [
            "data.azurerm_network_security_group.acs_demo_nsg",
            "data.azurerm_resource_group.acs_demo_rg"
          ]
        }
      ]
    },
    {
      "mode": "managed",
      "type": "azurerm_public_ip",
      "name": "acs_tf_demo_public_ip",
      "provider": "provider[\"registry.terraform.io/hashicorp/azurerm\"]",
      "instances": [
        {
          "schema_version": 0,
          "attributes": {
            "allocation_method": "Dynamic",
            "ddos_protection_mode": "VirtualNetworkInherited",
            "ddos_protection_plan_id": null,
            "domain_name_label": null,
            "edge_zone": "",
            "fqdn": null,
            "id": "/subscriptions/78506f2d-32b3-4404-909a-02d41d22092b/resourceGroups/acs-tf-demo/providers/Microsoft.Network/publicIPAddresses/win-vm-iis-ferret-public-ip",
            "idle_timeout_in_minutes": 4,
            "ip_address": "",
            "ip_tags": null,
            "ip_version": "IPv4",
            "location": "southeastasia",
            "name": "win-vm-iis-ferret-public-ip",
            "public_ip_prefix_id": null,
            "resource_group_name": "acs-tf-demo",
            "reverse_fqdn": null,
            "sku": "Basic",
            "sku_tier": "Regional",
            "tags": null,
            "timeouts": null,
            "zones": null
          },
          "sensitive_attributes": [],
          "private": "eyJlMmJmYjczMC1lY2FhLTExZTYtOGY4OC0zNDM2M2JjN2M0YzAiOnsiY3JlYXRlIjoxODAwMDAwMDAwMDAwLCJkZWxldGUiOjE4MDAwMDAwMDAwMDAsInJlYWQiOjMwMDAwMDAwMDAwMCwidXBkYXRlIjoxODAwMDAwMDAwMDAwfX0=",
          "dependencies": [
            "data.azurerm_resource_group.acs_demo_rg",
            "random_pet.prefix"
          ]
        }
      ]
    },
    {
      "mode": "managed",
      "type": "azurerm_storage_account",
      "name": "my_storage_account",
      "provider": "provider[\"registry.terraform.io/hashicorp/azurerm\"]",
      "instances": [
        {
          "schema_version": 4,
          "attributes": {
            "access_tier": "Hot",
            "account_kind": "StorageV2",
            "account_replication_type": "LRS",
            "account_tier": "Standard",
            "allow_nested_items_to_be_public": true,
            "allowed_copy_scope": "",
            "azure_files_authentication": [],
            "blob_properties": [
              {
                "change_feed_enabled": false,
                "change_feed_retention_in_days": 0,
                "container_delete_retention_policy": [],
                "cors_rule": [],
                "default_service_version": "",
                "delete_retention_policy": [],
                "last_access_time_enabled": false,
                "restore_policy": [],
                "versioning_enabled": false
              }
            ],
            "cross_tenant_replication_enabled": true,
            "custom_domain": [],
            "customer_managed_key": [],
            "default_to_oauth_authentication": false,
            "edge_zone": "",
            "enable_https_traffic_only": true,
            "id": "/subscriptions/78506f2d-32b3-4404-909a-02d41d22092b/resourceGroups/acs-tf-demo/providers/Microsoft.Storage/storageAccounts/diag78c6297b506fca62",
            "identity": [],
            "immutability_policy": [],
            "infrastructure_encryption_enabled": false,
            "is_hns_enabled": false,
            "large_file_share_enabled": null,
            "local_user_enabled": true,
            "location": "southeastasia",
            "min_tls_version": "TLS1_2",
            "name": "diag78c6297b506fca62",
            "network_rules": [
              {
                "bypass": [
                  "AzureServices"
                ],
                "default_action": "Allow",
                "ip_rules": [],
                "private_link_access": [],
                "virtual_network_subnet_ids": []
              }
            ],
            "nfsv3_enabled": false,
            "primary_access_key": "8kmueH+xxYibASPJF5KVzb/q5TPIKJ5ZZtnioP2jTEGuZ0H+/qb+koW3poEJ2s+YFqPUj97NM2Rx+AStBJrCkQ==",
            "primary_blob_connection_string": "DefaultEndpointsProtocol=https;BlobEndpoint=https://diag78c6297b506fca62.blob.core.windows.net/;AccountName=diag78c6297b506fca62;AccountKey=8kmueH+xxYibASPJF5KVzb/q5TPIKJ5ZZtnioP2jTEGuZ0H+/qb+koW3poEJ2s+YFqPUj97NM2Rx+AStBJrCkQ==",
            "primary_blob_endpoint": "https://diag78c6297b506fca62.blob.core.windows.net/",
            "primary_blob_host": "diag78c6297b506fca62.blob.core.windows.net",
            "primary_blob_internet_endpoint": "",
            "primary_blob_internet_host": "",
            "primary_blob_microsoft_endpoint": "",
            "primary_blob_microsoft_host": "",
            "primary_connection_string": "DefaultEndpointsProtocol=https;AccountName=diag78c6297b506fca62;AccountKey=8kmueH+xxYibASPJF5KVzb/q5TPIKJ5ZZtnioP2jTEGuZ0H+/qb+koW3poEJ2s+YFqPUj97NM2Rx+AStBJrCkQ==;EndpointSuffix=core.windows.net",
            "primary_dfs_endpoint": "https://diag78c6297b506fca62.dfs.core.windows.net/",
            "primary_dfs_host": "diag78c6297b506fca62.dfs.core.windows.net",
            "primary_dfs_internet_endpoint": "",
            "primary_dfs_internet_host": "",
            "primary_dfs_microsoft_endpoint": "",
            "primary_dfs_microsoft_host": "",
            "primary_file_endpoint": "https://diag78c6297b506fca62.file.core.windows.net/",
            "primary_file_host": "diag78c6297b506fca62.file.core.windows.net",
            "primary_file_internet_endpoint": "",
            "primary_file_internet_host": "",
            "primary_file_microsoft_endpoint": "",
            "primary_file_microsoft_host": "",
            "primary_location": "southeastasia",
            "primary_queue_endpoint": "https://diag78c6297b506fca62.queue.core.windows.net/",
            "primary_queue_host": "diag78c6297b506fca62.queue.core.windows.net",
            "primary_queue_microsoft_endpoint": "",
            "primary_queue_microsoft_host": "",
            "primary_table_endpoint": "https://diag78c6297b506fca62.table.core.windows.net/",
            "primary_table_host": "diag78c6297b506fca62.table.core.windows.net",
            "primary_table_microsoft_endpoint": "",
            "primary_table_microsoft_host": "",
            "primary_web_endpoint": "https://diag78c6297b506fca62.z23.web.core.windows.net/",
            "primary_web_host": "diag78c6297b506fca62.z23.web.core.windows.net",
            "primary_web_internet_endpoint": "",
            "primary_web_internet_host": "",
            "primary_web_microsoft_endpoint": "",
            "primary_web_microsoft_host": "",
            "public_network_access_enabled": true,
            "queue_encryption_key_type": "Service",
            "queue_properties": [
              {
                "cors_rule": [],
                "hour_metrics": [
                  {
                    "enabled": true,
                    "include_apis": true,
                    "retention_policy_days": 7,
                    "version": "1.0"
                  }
                ],
                "logging": [
                  {
                    "delete": false,
                    "read": false,
                    "retention_policy_days": 0,
                    "version": "1.0",
                    "write": false
                  }
                ],
                "minute_metrics": [
                  {
                    "enabled": false,
                    "include_apis": false,
                    "retention_policy_days": 0,
                    "version": "1.0"
                  }
                ]
              }
            ],
            "resource_group_name": "acs-tf-demo",
            "routing": [],
            "sas_policy": [],
            "secondary_access_key": "fHAuNZnH4Jgi/G8msAURYGGWEQnP/P9OSeyyVqWPWj2puWzatHqyuxhqcJ6011uJbv4Xs8pWSSDg+AStdW32Jg==",
            "secondary_blob_connection_string": "",
            "secondary_blob_endpoint": null,
            "secondary_blob_host": null,
            "secondary_blob_internet_endpoint": null,
            "secondary_blob_internet_host": null,
            "secondary_blob_microsoft_endpoint": null,
            "secondary_blob_microsoft_host": null,
            "secondary_connection_string": "DefaultEndpointsProtocol=https;AccountName=diag78c6297b506fca62;AccountKey=fHAuNZnH4Jgi/G8msAURYGGWEQnP/P9OSeyyVqWPWj2puWzatHqyuxhqcJ6011uJbv4Xs8pWSSDg+AStdW32Jg==;EndpointSuffix=core.windows.net",
            "secondary_dfs_endpoint": null,
            "secondary_dfs_host": null,
            "secondary_dfs_internet_endpoint": null,
            "secondary_dfs_internet_host": null,
            "secondary_dfs_microsoft_endpoint": null,
            "secondary_dfs_microsoft_host": null,
            "secondary_file_endpoint": null,
            "secondary_file_host": null,
            "secondary_file_internet_endpoint": null,
            "secondary_file_internet_host": null,
            "secondary_file_microsoft_endpoint": null,
            "secondary_file_microsoft_host": null,
            "secondary_location": "",
            "secondary_queue_endpoint": null,
            "secondary_queue_host": null,
            "secondary_queue_microsoft_endpoint": null,
            "secondary_queue_microsoft_host": null,
            "secondary_table_endpoint": null,
            "secondary_table_host": null,
            "secondary_table_microsoft_endpoint": null,
            "secondary_table_microsoft_host": null,
            "secondary_web_endpoint": null,
            "secondary_web_host": null,
            "secondary_web_internet_endpoint": null,
            "secondary_web_internet_host": null,
            "secondary_web_microsoft_endpoint": null,
            "secondary_web_microsoft_host": null,
            "sftp_enabled": false,
            "share_properties": [
              {
                "cors_rule": [],
                "retention_policy": [
                  {
                    "days": 7
                  }
                ],
                "smb": []
              }
            ],
            "shared_access_key_enabled": true,
            "static_website": [],
            "table_encryption_key_type": "Service",
            "tags": null,
            "timeouts": null
          },
          "sensitive_attributes": [],
          "private": "eyJlMmJmYjczMC1lY2FhLTExZTYtOGY4OC0zNDM2M2JjN2M0YzAiOnsiY3JlYXRlIjozNjAwMDAwMDAwMDAwLCJkZWxldGUiOjM2MDAwMDAwMDAwMDAsInJlYWQiOjMwMDAwMDAwMDAwMCwidXBkYXRlIjozNjAwMDAwMDAwMDAwfSwic2NoZW1hX3ZlcnNpb24iOiI0In0=",
          "dependencies": [
            "data.azurerm_resource_group.acs_demo_rg",
            "random_id.random_id"
          ]
        }
      ]
    },
    {
      "mode": "managed",
      "type": "azurerm_virtual_machine_extension",
      "name": "web_server_install",
      "provider": "provider[\"registry.terraform.io/hashicorp/azurerm\"]",
      "instances": [
        {
          "schema_version": 0,
          "attributes": {
            "auto_upgrade_minor_version": true,
            "automatic_upgrade_enabled": false,
            "failure_suppression_enabled": false,
            "id": "/subscriptions/78506f2d-32b3-4404-909a-02d41d22092b/resourceGroups/acs-tf-demo/providers/Microsoft.Compute/virtualMachines/win-vm-iis-vm/extensions/win-vm-iis-ferret-wsi",
            "name": "win-vm-iis-ferret-wsi",
            "protected_settings": null,
            "protected_settings_from_key_vault": [],
            "provision_after_extensions": null,
            "publisher": "Microsoft.Compute",
            "settings": "{\"commandToExecute\":\"powershell -ExecutionPolicy Unrestricted Install-WindowsFeature -Name Web-Server -IncludeAllSubFeature -IncludeManagementTools\"}",
            "tags": null,
            "timeouts": null,
            "type": "CustomScriptExtension",
            "type_handler_version": "1.8",
            "virtual_machine_id": "/subscriptions/78506f2d-32b3-4404-909a-02d41d22092b/resourceGroups/acs-tf-demo/providers/Microsoft.Compute/virtualMachines/win-vm-iis-vm"
          },
          "sensitive_attributes": [],
          "private": "eyJlMmJmYjczMC1lY2FhLTExZTYtOGY4OC0zNDM2M2JjN2M0YzAiOnsiY3JlYXRlIjoxODAwMDAwMDAwMDAwLCJkZWxldGUiOjE4MDAwMDAwMDAwMDAsInJlYWQiOjMwMDAwMDAwMDAwMCwidXBkYXRlIjoxODAwMDAwMDAwMDAwfX0=",
          "dependencies": [
            "azurerm_network_interface.acs_tf_demo_nic",
            "azurerm_public_ip.acs_tf_demo_public_ip",
            "azurerm_storage_account.my_storage_account",
            "azurerm_windows_virtual_machine.main",
            "data.azurerm_resource_group.acs_demo_rg",
            "data.azurerm_subnet.acs_demo_subnet",
            "data.azurerm_virtual_network.acs_demo_vnet",
            "random_id.random_id",
            "random_password.password",
            "random_pet.prefix"
          ]
        }
      ]
    },
    {
      "mode": "managed",
      "type": "azurerm_windows_virtual_machine",
      "name": "main",
      "provider": "provider[\"registry.terraform.io/hashicorp/azurerm\"]",
      "instances": [
        {
          "schema_version": 0,
          "attributes": {
            "additional_capabilities": [],
            "additional_unattend_content": [],
            "admin_password": "HWm2FU!{%NSlbhBD*e)Z",
            "admin_username": "azureuser",
            "allow_extension_operations": true,
            "availability_set_id": "",
            "boot_diagnostics": [
              {
                "storage_account_uri": "https://diag78c6297b506fca62.blob.core.windows.net/"
              }
            ],
            "bypass_platform_safety_checks_on_user_schedule_enabled": false,
            "capacity_reservation_group_id": "",
            "computer_name": "win-vm-iis-vm",
            "custom_data": null,
            "dedicated_host_group_id": "",
            "dedicated_host_id": "",
            "disk_controller_type": "SCSI",
            "edge_zone": "",
            "enable_automatic_updates": true,
            "encryption_at_host_enabled": false,
            "eviction_policy": "",
            "extensions_time_budget": "PT1H30M",
            "gallery_application": [],
            "hotpatching_enabled": false,
            "id": "/subscriptions/78506f2d-32b3-4404-909a-02d41d22092b/resourceGroups/acs-tf-demo/providers/Microsoft.Compute/virtualMachines/win-vm-iis-vm",
            "identity": [],
            "license_type": "",
            "location": "southeastasia",
            "max_bid_price": -1,
            "name": "win-vm-iis-vm",
            "network_interface_ids": [
              "/subscriptions/78506f2d-32b3-4404-909a-02d41d22092b/resourceGroups/acs-tf-demo/providers/Microsoft.Network/networkInterfaces/win-vm-iis-ferret-nic"
            ],
            "os_disk": [
              {
                "caching": "ReadWrite",
                "diff_disk_settings": [],
                "disk_encryption_set_id": "",
                "disk_size_gb": 127,
                "name": "myOsDisk",
                "secure_vm_disk_encryption_set_id": "",
                "security_encryption_type": "",
                "storage_account_type": "Premium_LRS",
                "write_accelerator_enabled": false
              }
            ],
            "os_image_notification": [],
            "patch_assessment_mode": "ImageDefault",
            "patch_mode": "AutomaticByOS",
            "plan": [],
            "platform_fault_domain": -1,
            "priority": "Regular",
            "private_ip_address": "10.10.1.4",
            "private_ip_addresses": [
              "10.10.1.4"
            ],
            "provision_vm_agent": true,
            "proximity_placement_group_id": "",
            "public_ip_address": "52.187.59.182",
            "public_ip_addresses": [
              "52.187.59.182"
            ],
            "reboot_setting": "",
            "resource_group_name": "acs-tf-demo",
            "secret": [],
            "secure_boot_enabled": false,
            "size": "Standard_DS1_v2",
            "source_image_id": "",
            "source_image_reference": [
              {
                "offer": "WindowsServer",
                "publisher": "MicrosoftWindowsServer",
                "sku": "2022-datacenter-azure-edition",
                "version": "latest"
              }
            ],
            "tags": null,
            "termination_notification": null,
            "timeouts": null,
            "timezone": "",
            "user_data": "",
            "virtual_machine_id": "401c8c65-1a6c-423c-9b36-8363e1bb1e75",
            "virtual_machine_scale_set_id": "",
            "vm_agent_platform_updates_enabled": false,
            "vtpm_enabled": false,
            "winrm_listener": [],
            "zone": ""
          },
          "sensitive_attributes": [
            [
              {
                "type": "get_attr",
                "value": "admin_password"
              }
            ]
          ],
          "private": "eyJlMmJmYjczMC1lY2FhLTExZTYtOGY4OC0zNDM2M2JjN2M0YzAiOnsiY3JlYXRlIjoyNzAwMDAwMDAwMDAwLCJkZWxldGUiOjI3MDAwMDAwMDAwMDAsInJlYWQiOjMwMDAwMDAwMDAwMCwidXBkYXRlIjoyNzAwMDAwMDAwMDAwfX0=",
          "dependencies": [
            "azurerm_network_interface.acs_tf_demo_nic",
            "azurerm_public_ip.acs_tf_demo_public_ip",
            "azurerm_storage_account.my_storage_account",
            "data.azurerm_resource_group.acs_demo_rg",
            "data.azurerm_subnet.acs_demo_subnet",
            "data.azurerm_virtual_network.acs_demo_vnet",
            "random_id.random_id",
            "random_password.password",
            "random_pet.prefix"
          ]
        }
      ]
    },
    {
      "mode": "managed",
      "type": "random_id",
      "name": "random_id",
      "provider": "provider[\"registry.terraform.io/hashicorp/random\"]",
      "instances": [
        {
          "schema_version": 0,
          "attributes": {
            "b64_std": "eMYpe1BvymI=",
            "b64_url": "eMYpe1BvymI",
            "byte_length": 8,
            "dec": "8702688939547282018",
            "hex": "78c6297b506fca62",
            "id": "eMYpe1BvymI",
            "keepers": {
              "resource_group": "acs-tf-demo"
            },
            "prefix": null
          },
          "sensitive_attributes": [],
          "dependencies": [
            "data.azurerm_resource_group.acs_demo_rg"
          ]
        }
      ]
    },
    {
      "mode": "managed",
      "type": "random_password",
      "name": "password",
      "provider": "provider[\"registry.terraform.io/hashicorp/random\"]",
      "instances": [
        {
          "schema_version": 3,
          "attributes": {
            "bcrypt_hash": "$2a$10$nUvzpDEvSMASnIRwPjyOhuKyMXJ7x9GPtpNtRIeL9IFWDmip77uPK",
            "id": "none",
            "keepers": null,
            "length": 20,
            "lower": true,
            "min_lower": 1,
            "min_numeric": 1,
            "min_special": 1,
            "min_upper": 1,
            "number": true,
            "numeric": true,
            "override_special": null,
            "result": "HWm2FU!{%NSlbhBD*e)Z",
            "special": true,
            "upper": true
          },
          "sensitive_attributes": []
        }
      ]
    },
    {
      "mode": "managed",
      "type": "random_pet",
      "name": "prefix",
      "provider": "provider[\"registry.terraform.io/hashicorp/random\"]",
      "instances": [
        {
          "schema_version": 0,
          "attributes": {
            "id": "win-vm-iis-ferret",
            "keepers": null,
            "length": 1,
            "prefix": "win-vm-iis",
            "separator": "-"
          },
          "sensitive_attributes": []
        }
      ]
    }
  ],
  "check_results": null
}
